# THIS IS AN AUTOGENERATED FILE. DO NOT EDIT THIS FILE DIRECTLY.
# yarn lockfile v1


p5@^1.0.0:
  version "1.0.0"
  resolved "https://registry.yarnpkg.com/p5/-/p5-1.0.0.tgz#d27c77c1c11450ede27af4614a5d24470ffab0c4"
  integrity sha512-SYYc6NSHA/mMoF00SdI39FmhifMWl0B74/Bg3T793v+KOAWgXsBfr7snv9cjHFqpcmjtJMuZSOoA55qAETCu1w==

three@^0.137.0:
  version "0.137.0"
  resolved "https://registry.yarnpkg.com/three/-/three-0.137.0.tgz#0ebd6ba66637a332c31f234bcdd35aeec071a6e3"
  integrity sha512-rzSDhia6cU35UCy6y+zEEws6vSgytfHqFMSaBvUcySgzwvDO6vETyswtSNi/+aVqJw8WLMwyT1mlQQ1T/dxxOA==
